
Microsoft Visual Studio Solution File, Format Version 12.00
# Visual Studio Version 17
VisualStudioVersion = 17.9.34701.34
MinimumVisualStudioVersion = 10.0.40219.1
Project("{FAE04EC0-301F-11D3-BF4B-00C04F79EFBC}") = "240429NOTE", "240429NOTE.csproj", "{84858050-AF82-43FD-B3DF-5539FFAC9DF8}"
EndProject
Global
	GlobalSection(SolutionConfigurationPlatforms) = preSolution
		Debug|Any CPU = Debug|Any CPU
		Release|Any CPU = Release|Any CPU
	EndGlobalSection
	GlobalSection(ProjectConfigurationPlatforms) = postSolution
		{84858050-AF82-43FD-B3DF-5539FFAC9DF8}.Debug|Any CPU.ActiveCfg = Debug|Any CPU
		{84858050-AF82-43FD-B3DF-5539FFAC9DF8}.Debug|Any CPU.Build.0 = Debug|Any CPU
		{84858050-AF82-43FD-B3DF-5539FFAC9DF8}.Release|Any CPU.ActiveCfg = Release|Any CPU
		{84858050-AF82-43FD-B3DF-5539FFAC9DF8}.Release|Any CPU.Build.0 = Release|Any CPU
	EndGlobalSection
	GlobalSection(SolutionProperties) = preSolution
		HideSolutionNode = FALSE
	EndGlobalSection
	GlobalSection(ExtensibilityGlobals) = postSolution
		SolutionGuid = {76EEAE84-E8C5-4233-8630-3EBC64D7CCBC}
	EndGlobalSection
EndGlobal
